dependencies:
- name: ray
  repository: file:///Users/david/Plural/plural-artifacts/ray/helm/ray
  version: 0.1.6
- name: kuberay-operator
  repository: file:///Users/david/Plural/plural-artifacts/ray/helm/kuberay-operator
  version: 0.1.2
digest: sha256:2c6e665a3f606cd0defea50642335b328192983013dda1f9b1008ebf548a1f91
generated: "2022-10-11T18:25:40.163784+01:00"
