dependencies:
- name: ray
  repository: file:///Users/david/Plural/plural-artifacts/ray/helm/ray
  version: 0.1.6
- name: kuberay-operator
  repository: cm://app.plural.sh/cm/ray
  version: 0.1.2
digest: sha256:180a47302463d732e51a9b66f895e64d4d1d4cecf3e3b13c98f3a569908f5309
generated: "2022-10-07T17:13:54.179164+02:00"
