dependencies:
- name: ingress-nginx
  repository: cm://app.plural.sh/cm/ingress-nginx
  version: 0.1.8
- name: ingress-nginx-private
  repository: cm://app.plural.sh/cm/ingress-nginx
  version: 0.1.14
digest: sha256:cb9fc0e6a1c26bdafface610718990399c6b6601704532e0af35567e6a1c22bf
generated: "2022-03-08T22:11:23.447857784Z"
