dependencies:
- name: central-dashboard
  repository: cm://app.plural.sh/cm/kubeflow
  version: 0.1.24
- name: tensorboards
  repository: cm://app.plural.sh/cm/kubeflow
  version: 0.1.5
- name: volumes
  repository: cm://app.plural.sh/cm/kubeflow
  version: 0.1.4
- name: katib
  repository: cm://app.plural.sh/cm/kubeflow
  version: 0.1.15
- name: mysql-cluster
  repository: cm://app.plural.sh/cm/kubeflow
  version: 0.1.13
- name: notebooks
  repository: cm://app.plural.sh/cm/kubeflow
  version: 0.1.12
- name: mpi
  repository: cm://app.plural.sh/cm/kubeflow
  version: 0.1.6
- name: mxnet
  repository: cm://app.plural.sh/cm/kubeflow
  version: 0.1.4
- name: pytorch
  repository: cm://app.plural.sh/cm/kubeflow
  version: 0.1.4
- name: tensorflow
  repository: cm://app.plural.sh/cm/kubeflow
  version: 0.1.4
- name: xgboost
  repository: cm://app.plural.sh/cm/kubeflow
  version: 0.1.4
- name: profile-controller
  repository: cm://app.plural.sh/cm/kubeflow
  version: 0.1.27
- name: pipelines
  repository: cm://app.plural.sh/cm/kubeflow
  version: 0.1.81
- name: serving
  repository: cm://app.plural.sh/cm/kubeflow
  version: 0.1.20
digest: sha256:b83083045c48b1286a443f4f232e68f02fd931cbf09d0614fef4c5cc66f48d03
generated: "2021-11-10T11:35:36.794670419Z"
