dependencies:
- name: serving
  repository: cm://app.plural.sh/cm/kubeflow
  version: 0.1.28
- name: tensorboards
  repository: cm://app.plural.sh/cm/kubeflow
  version: 0.1.11
- name: training-operator
  repository: cm://app.plural.sh/cm/kubeflow
  version: 0.1.2
- name: volumes
  repository: cm://app.plural.sh/cm/kubeflow
  version: 0.1.10
- name: notebooks
  repository: cm://app.plural.sh/cm/kubeflow
  version: 0.1.24
- name: mysql-cluster
  repository: cm://app.plural.sh/cm/kubeflow
  version: 0.1.14
- name: katib
  repository: cm://app.plural.sh/cm/kubeflow
  version: 0.1.20
- name: pipelines
  repository: cm://app.plural.sh/cm/kubeflow
  version: 0.1.88
- name: aws-iam-controller
  repository: cm://app.plural.sh/cm/kubeflow
  version: 0.0.7
- name: profile-controller
  repository: cm://app.plural.sh/cm/kubeflow
  version: 0.1.44
- name: central-dashboard
  repository: cm://app.plural.sh/cm/kubeflow
  version: 0.1.34
digest: sha256:8e60aad0d660e1e820a3b535b5194a574cf5b5b7507032334fb9dfae68604fab
generated: "2022-04-19T17:24:16.332919198Z"
