dependencies:
- name: volumes
  repository: cm://app.plural.sh/cm/kubeflow
  version: 0.1.4
- name: central-dashboard
  repository: cm://app.plural.sh/cm/kubeflow
  version: 0.1.14
- name: mysql-cluster
  repository: cm://app.plural.sh/cm/kubeflow
  version: 0.1.6
- name: profile-controller
  repository: cm://app.plural.sh/cm/kubeflow
  version: 0.1.8
- name: pipelines
  repository: cm://app.plural.sh/cm/kubeflow
  version: 0.1.39
- name: katib
  repository: cm://app.plural.sh/cm/kubeflow
  version: 0.1.13
- name: notebooks
  repository: cm://app.plural.sh/cm/kubeflow
  version: 0.1.6
- name: mpi
  repository: cm://app.plural.sh/cm/kubeflow
  version: 0.1.4
- name: mxnet
  repository: cm://app.plural.sh/cm/kubeflow
  version: 0.1.4
- name: pytorch
  repository: cm://app.plural.sh/cm/kubeflow
  version: 0.1.4
- name: tensorflow
  repository: cm://app.plural.sh/cm/kubeflow
  version: 0.1.4
- name: xgboost
  repository: cm://app.plural.sh/cm/kubeflow
  version: 0.1.4
- name: serving
  repository: cm://app.plural.sh/cm/kubeflow
  version: 0.1.6
- name: tensorboards
  repository: cm://app.plural.sh/cm/kubeflow
  version: 0.1.5
digest: sha256:ea0f2b4a4c6b0456ce565853afe19e6371ffcd0b91f570fe9b2ec8f55ce99f29
generated: "2021-08-18T12:22:05.063516254Z"
