dependencies:
- name: plural-certmanager-webhook
  repository: cm://app.plural.sh/cm/bootstrap
  version: 0.1.1
- name: bootstrap
  repository: cm://app.plural.sh/cm/bootstrap
  version: 0.7.23
- name: efs-csi-driver
  repository: cm://app.plural.sh/cm/bootstrap
  version: 0.1.5
digest: sha256:e738f03ee51bf34ff23bcb0291cbeb02728478c3d04696111ea9639d7e6d22b4
generated: "2021-10-12T15:47:57.170354033Z"
