dependencies:
- name: plural-certmanager-webhook
  repository: cm://app.plural.sh/cm/bootstrap
  version: 0.1.4
- name: efs-csi-driver
  repository: cm://app.plural.sh/cm/bootstrap
  version: 0.1.12
- name: bootstrap
  repository: cm://app.plural.sh/cm/bootstrap
  version: 0.8.42
digest: sha256:70ff9691bd71434df51ddb9fceddcded3e2c6877db5a61c1ece335e09efc4b9e
generated: "2022-05-16T20:08:47.90304187+02:00"
